
Microsoft Visual Studio Solution File, Format Version 12.00
# Visual Studio Version 17
VisualStudioVersion = 17.14.36127.28 d17.14
MinimumVisualStudioVersion = 10.0.40219.1
Project("{FAE04EC0-301F-11D3-BF4B-00C04F79EFBC}") = "ConsoleApp1", "ConsoleApp1\ConsoleApp1.csproj", "{45F1A6C2-AE10-4099-AAEA-0DA13B84508E}"
EndProject
Global
	GlobalSection(SolutionConfigurationPlatforms) = preSolution
		Debug|Any CPU = Debug|Any CPU
		Release|Any CPU = Release|Any CPU
	EndGlobalSection
	GlobalSection(ProjectConfigurationPlatforms) = postSolution
		{45F1A6C2-AE10-4099-AAEA-0DA13B84508E}.Debug|Any CPU.ActiveCfg = Debug|Any CPU
		{45F1A6C2-AE10-4099-AAEA-0DA13B84508E}.Debug|Any CPU.Build.0 = Debug|Any CPU
		{45F1A6C2-AE10-4099-AAEA-0DA13B84508E}.Release|Any CPU.ActiveCfg = Release|Any CPU
		{45F1A6C2-AE10-4099-AAEA-0DA13B84508E}.Release|Any CPU.Build.0 = Release|Any CPU
	EndGlobalSection
	GlobalSection(SolutionProperties) = preSolution
		HideSolutionNode = FALSE
	EndGlobalSection
	GlobalSection(ExtensibilityGlobals) = postSolution
		SolutionGuid = {2053EE29-F8FF-448D-B1CC-F32595CF54D2}
	EndGlobalSection
EndGlobal
