
Microsoft Visual Studio Solution File, Format Version 12.00
# Visual Studio Version 17
VisualStudioVersion = 17.14.36127.28 d17.14
MinimumVisualStudioVersion = 10.0.40219.1
Project("{FAE04EC0-301F-11D3-BF4B-00C04F79EFBC}") = "ConsoleApp1", "ConsoleApp1\ConsoleApp1.csproj", "{6343C1D6-380E-4058-A0D6-6C340FF4818B}"
EndProject
Global
	GlobalSection(SolutionConfigurationPlatforms) = preSolution
		Debug|Any CPU = Debug|Any CPU
		Release|Any CPU = Release|Any CPU
	EndGlobalSection
	GlobalSection(ProjectConfigurationPlatforms) = postSolution
		{6343C1D6-380E-4058-A0D6-6C340FF4818B}.Debug|Any CPU.ActiveCfg = Debug|Any CPU
		{6343C1D6-380E-4058-A0D6-6C340FF4818B}.Debug|Any CPU.Build.0 = Debug|Any CPU
		{6343C1D6-380E-4058-A0D6-6C340FF4818B}.Release|Any CPU.ActiveCfg = Release|Any CPU
		{6343C1D6-380E-4058-A0D6-6C340FF4818B}.Release|Any CPU.Build.0 = Release|Any CPU
	EndGlobalSection
	GlobalSection(SolutionProperties) = preSolution
		HideSolutionNode = FALSE
	EndGlobalSection
	GlobalSection(ExtensibilityGlobals) = postSolution
		SolutionGuid = {337303A8-A28B-4F18-AA2B-0999C4A1A85F}
	EndGlobalSection
EndGlobal
